
Microsoft Visual Studio Solution File, Format Version 12.00
# Visual Studio 15
VisualStudioVersion = 15.0.26430.15
MinimumVisualStudioVersion = 10.0.40219.1
Project("{9092AA53-FB77-4645-B42D-1CCCA6BD08BD}") = "DevWebAPI", "DevWebAPI\DevWebAPI.njsproj", "{4D2A77B3-2B68-41C3-A01A-E2BB131934E3}"
EndProject
Project("{2150E333-8FDC-42A3-9474-1A3956D46DE8}") = "Tools", "Tools", "{27710458-6081-4591-BE7D-7548A9B90B01}"
EndProject
Project("{2150E333-8FDC-42A3-9474-1A3956D46DE8}") = "Libs", "Libs", "{8AE2B251-D8A8-48CC-AD5C-23559DA5F107}"
EndProject
Project("{2150E333-8FDC-42A3-9474-1A3956D46DE8}") = "Tests", "Tests", "{AA16298E-E066-4B4F-AA7B-71BCBBAF7829}"
EndProject
Project("{FAE04EC0-301F-11D3-BF4B-00C04F79EFBC}") = "FFNet", "FFNet\FFNet.csproj", "{BBFD87E2-B5DF-43C7-B7B8-38038E7087E7}"
EndProject
Project("{FAE04EC0-301F-11D3-BF4B-00C04F79EFBC}") = "ZoneLoadTest", "ZoneLoadTest\ZoneLoadTest.csproj", "{3A72A8E1-E5BB-4BE6-B5B0-88A74EC1E3A2}"
EndProject
Project("{FAE04EC0-301F-11D3-BF4B-00C04F79EFBC}") = "Flare", "Flare\Flare.csproj", "{A4AADD02-224A-4F38-99C6-506A4464A144}"
EndProject
Project("{FAE04EC0-301F-11D3-BF4B-00C04F79EFBC}") = "PacketPeep", "PacketPeep\PacketPeep.csproj", "{BAA23DA3-0644-4FDC-8B4A-9C019106585C}"
EndProject
Project("{FAE04EC0-301F-11D3-BF4B-00C04F79EFBC}") = "Be.Windows.Forms.HexBox", "ThirdParty\Be.HexEditor\Be.Windows.Forms.HexBox\Be.Windows.Forms.HexBox.csproj", "{26C5F25F-B450-4CAF-AD8B-B8D11AE73457}"
EndProject
Project("{2150E333-8FDC-42A3-9474-1A3956D46DE8}") = "ThirdParty", "ThirdParty", "{23F30520-D292-4034-B8A6-F31CC94239CA}"
EndProject
Global
	GlobalSection(SolutionConfigurationPlatforms) = preSolution
		Debug|Any CPU = Debug|Any CPU
		Release|Any CPU = Release|Any CPU
	EndGlobalSection
	GlobalSection(ProjectConfigurationPlatforms) = postSolution
		{4D2A77B3-2B68-41C3-A01A-E2BB131934E3}.Debug|Any CPU.ActiveCfg = Debug|Any CPU
		{4D2A77B3-2B68-41C3-A01A-E2BB131934E3}.Debug|Any CPU.Build.0 = Debug|Any CPU
		{4D2A77B3-2B68-41C3-A01A-E2BB131934E3}.Release|Any CPU.ActiveCfg = Release|Any CPU
		{4D2A77B3-2B68-41C3-A01A-E2BB131934E3}.Release|Any CPU.Build.0 = Release|Any CPU
		{BBFD87E2-B5DF-43C7-B7B8-38038E7087E7}.Debug|Any CPU.ActiveCfg = Debug|Any CPU
		{BBFD87E2-B5DF-43C7-B7B8-38038E7087E7}.Debug|Any CPU.Build.0 = Debug|Any CPU
		{BBFD87E2-B5DF-43C7-B7B8-38038E7087E7}.Release|Any CPU.ActiveCfg = Release|Any CPU
		{BBFD87E2-B5DF-43C7-B7B8-38038E7087E7}.Release|Any CPU.Build.0 = Release|Any CPU
		{3A72A8E1-E5BB-4BE6-B5B0-88A74EC1E3A2}.Debug|Any CPU.ActiveCfg = Debug|Any CPU
		{3A72A8E1-E5BB-4BE6-B5B0-88A74EC1E3A2}.Debug|Any CPU.Build.0 = Debug|Any CPU
		{3A72A8E1-E5BB-4BE6-B5B0-88A74EC1E3A2}.Release|Any CPU.ActiveCfg = Release|Any CPU
		{3A72A8E1-E5BB-4BE6-B5B0-88A74EC1E3A2}.Release|Any CPU.Build.0 = Release|Any CPU
		{A4AADD02-224A-4F38-99C6-506A4464A144}.Debug|Any CPU.ActiveCfg = Debug|Any CPU
		{A4AADD02-224A-4F38-99C6-506A4464A144}.Debug|Any CPU.Build.0 = Debug|Any CPU
		{A4AADD02-224A-4F38-99C6-506A4464A144}.Release|Any CPU.ActiveCfg = Release|Any CPU
		{A4AADD02-224A-4F38-99C6-506A4464A144}.Release|Any CPU.Build.0 = Release|Any CPU
		{BAA23DA3-0644-4FDC-8B4A-9C019106585C}.Debug|Any CPU.ActiveCfg = Debug|Any CPU
		{BAA23DA3-0644-4FDC-8B4A-9C019106585C}.Debug|Any CPU.Build.0 = Debug|Any CPU
		{BAA23DA3-0644-4FDC-8B4A-9C019106585C}.Release|Any CPU.ActiveCfg = Release|Any CPU
		{BAA23DA3-0644-4FDC-8B4A-9C019106585C}.Release|Any CPU.Build.0 = Release|Any CPU
		{26C5F25F-B450-4CAF-AD8B-B8D11AE73457}.Debug|Any CPU.ActiveCfg = Debug|Any CPU
		{26C5F25F-B450-4CAF-AD8B-B8D11AE73457}.Debug|Any CPU.Build.0 = Debug|Any CPU
		{26C5F25F-B450-4CAF-AD8B-B8D11AE73457}.Release|Any CPU.ActiveCfg = Release|Any CPU
		{26C5F25F-B450-4CAF-AD8B-B8D11AE73457}.Release|Any CPU.Build.0 = Release|Any CPU
	EndGlobalSection
	GlobalSection(SolutionProperties) = preSolution
		HideSolutionNode = FALSE
	EndGlobalSection
	GlobalSection(NestedProjects) = preSolution
		{BBFD87E2-B5DF-43C7-B7B8-38038E7087E7} = {8AE2B251-D8A8-48CC-AD5C-23559DA5F107}
		{3A72A8E1-E5BB-4BE6-B5B0-88A74EC1E3A2} = {AA16298E-E066-4B4F-AA7B-71BCBBAF7829}
		{A4AADD02-224A-4F38-99C6-506A4464A144} = {8AE2B251-D8A8-48CC-AD5C-23559DA5F107}
		{BAA23DA3-0644-4FDC-8B4A-9C019106585C} = {27710458-6081-4591-BE7D-7548A9B90B01}
		{26C5F25F-B450-4CAF-AD8B-B8D11AE73457} = {23F30520-D292-4034-B8A6-F31CC94239CA}
		{23F30520-D292-4034-B8A6-F31CC94239CA} = {27710458-6081-4591-BE7D-7548A9B90B01}
	EndGlobalSection
EndGlobal
